Microsoft Visual Studio Solution File, Format Version 7.00
Project("{F184B08F-C81C-45F6-A57F-5ABD9991F28F}") = "WindowsInterFace", "WindowsInterFace.vbproj", "{F110646D-E49D-4F73-95E0-B9F1EEC81F7A}"
EndProject
Global
	GlobalSection(SolutionConfiguration) = preSolution
		ConfigName.0 = Debug
		ConfigName.1 = Release
	EndGlobalSection
	GlobalSection(ProjectDependencies) = postSolution
	EndGlobalSection
	GlobalSection(ProjectConfiguration) = postSolution
		{F110646D-E49D-4F73-95E0-B9F1EEC81F7A}.Debug.ActiveCfg = Debug|.NET
		{F110646D-E49D-4F73-95E0-B9F1EEC81F7A}.Debug.Build.0 = Debug|.NET
		{F110646D-E49D-4F73-95E0-B9F1EEC81F7A}.Release.ActiveCfg = Release|.NET
		{F110646D-E49D-4F73-95E0-B9F1EEC81F7A}.Release.Build.0 = Release|.NET
	EndGlobalSection
	GlobalSection(ExtensibilityGlobals) = postSolution
	EndGlobalSection
	GlobalSection(ExtensibilityAddIns) = postSolution
	EndGlobalSection
EndGlobal
