
Microsoft Visual Studio Solution File, Format Version 10.00
# Visual Studio 2008
Project("{FAE04EC0-301F-11D3-BF4B-00C04F79EFBC}") = "FileUser", "FileUser\FileUser.csproj", "{676798F1-1222-45EC-8048-DF86C340EAA1}"
EndProject
Global
	GlobalSection(SolutionConfigurationPlatforms) = preSolution
		Debug|Any CPU = Debug|Any CPU
		Release|Any CPU = Release|Any CPU
	EndGlobalSection
	GlobalSection(ProjectConfigurationPlatforms) = postSolution
		{676798F1-1222-45EC-8048-DF86C340EAA1}.Debug|Any CPU.ActiveCfg = Debug|Any CPU
		{676798F1-1222-45EC-8048-DF86C340EAA1}.Debug|Any CPU.Build.0 = Debug|Any CPU
		{676798F1-1222-45EC-8048-DF86C340EAA1}.Release|Any CPU.ActiveCfg = Release|Any CPU
		{676798F1-1222-45EC-8048-DF86C340EAA1}.Release|Any CPU.Build.0 = Release|Any CPU
	EndGlobalSection
	GlobalSection(SolutionProperties) = preSolution
		HideSolutionNode = FALSE
	EndGlobalSection
EndGlobal
