
Microsoft Visual Studio Solution File, Format Version 10.00
# Visual Studio 2008
Project("{FAE04EC0-301F-11D3-BF4B-00C04F79EFBC}") = "JoinOperator", "JoinOperator\JoinOperator.csproj", "{8D5846FF-2E39-46C5-96CC-1B60EBEAD55B}"
EndProject
Global
	GlobalSection(SolutionConfigurationPlatforms) = preSolution
		Debug|Any CPU = Debug|Any CPU
		Release|Any CPU = Release|Any CPU
	EndGlobalSection
	GlobalSection(ProjectConfigurationPlatforms) = postSolution
		{8D5846FF-2E39-46C5-96CC-1B60EBEAD55B}.Debug|Any CPU.ActiveCfg = Debug|Any CPU
		{8D5846FF-2E39-46C5-96CC-1B60EBEAD55B}.Debug|Any CPU.Build.0 = Debug|Any CPU
		{8D5846FF-2E39-46C5-96CC-1B60EBEAD55B}.Release|Any CPU.ActiveCfg = Release|Any CPU
		{8D5846FF-2E39-46C5-96CC-1B60EBEAD55B}.Release|Any CPU.Build.0 = Release|Any CPU
	EndGlobalSection
	GlobalSection(SolutionProperties) = preSolution
		HideSolutionNode = FALSE
	EndGlobalSection
EndGlobal
