
Microsoft Visual Studio Solution File, Format Version 10.00
# Visual Studio 2008
Project("{D183A3D8-5FD8-494B-B014-37F57B35E655}") = "Integration Services Test Project", "Integration Services Test Project\Integration Services Test Project.dtproj", "{477D26C2-35A1-4895-9096-E54497FA876E}"
EndProject
Global
	GlobalSection(SolutionConfigurationPlatforms) = preSolution
		Development|Default = Development|Default
	EndGlobalSection
	GlobalSection(ProjectConfigurationPlatforms) = postSolution
		{477D26C2-35A1-4895-9096-E54497FA876E}.Development|Default.ActiveCfg = Development
		{477D26C2-35A1-4895-9096-E54497FA876E}.Development|Default.Build.0 = Development
	EndGlobalSection
	GlobalSection(SolutionProperties) = preSolution
		HideSolutionNode = FALSE
	EndGlobalSection
EndGlobal
